// !$*UTF8*$!
{
	archiveVersion = 1;
	classes = {
	};
	objectVersion = 50;
	objects = {

/* Begin PBXBuildFile section */
		6458A728259C84BF0063BFE0 /* main.c in Sources */ = {isa = PBXBuildFile; fileRef = 6458A727259C84BF0063BFE0 /* main.c */; };
		6458A73B259D65AB0063BFE0 /* main.c in Sources */ = {isa = PBXBuildFile; fileRef = 6458A73A259D65AB0063BFE0 /* main.c */; };
		64B4FFD1259C1BAE00F598AB /* main.c in Sources */ = {isa = PBXBuildFile; fileRef = 64B4FFD0259C1BAE00F598AB /* main.c */; };
		64B4FFE5259C1D1800F598AB /* main.c in Sources */ = {isa = PBXBuildFile; fileRef = 64B4FFE4259C1D1800F598AB /* main.c */; };
		64B4FFF6259C2B8A00F598AB /* main.c in Sources */ = {isa = PBXBuildFile; fileRef = 64B4FFF5259C2B8A00F598AB /* main.c */; };
		64F1474C259C75EE00CB364A /* main.c in Sources */ = {isa = PBXBuildFile; fileRef = 64F1474B259C75EE00CB364A /* main.c */; };
/* End PBXBuildFile section */

/* Begin PBXCopyFilesBuildPhase section */
		6458A723259C84BF0063BFE0 /* CopyFiles */ = {
			isa = PBXCopyFilesBuildPhase;
			buildActionMask = 2147483647;
			dstPath = /usr/share/man/man1/;
			dstSubfolderSpec = 0;
			files = (
			);
			runOnlyForDeploymentPostprocessing = 1;
		};
		6458A736259D65AB0063BFE0 /* CopyFiles */ = {
			isa = PBXCopyFilesBuildPhase;
			buildActionMask = 2147483647;
			dstPath = /usr/share/man/man1/;
			dstSubfolderSpec = 0;
			files = (
			);
			runOnlyForDeploymentPostprocessing = 1;
		};
		64B4FFCB259C1BAE00F598AB /* CopyFiles */ = {
			isa = PBXCopyFilesBuildPhase;
			buildActionMask = 2147483647;
			dstPath = /usr/share/man/man1/;
			dstSubfolderSpec = 0;
			files = (
			);
			runOnlyForDeploymentPostprocessing = 1;
		};
		64B4FFE0259C1D1800F598AB /* CopyFiles */ = {
			isa = PBXCopyFilesBuildPhase;
			buildActionMask = 2147483647;
			dstPath = /usr/share/man/man1/;
			dstSubfolderSpec = 0;
			files = (
			);
			runOnlyForDeploymentPostprocessing = 1;
		};
		64B4FFF1259C2B8A00F598AB /* CopyFiles */ = {
			isa = PBXCopyFilesBuildPhase;
			buildActionMask = 2147483647;
			dstPath = /usr/share/man/man1/;
			dstSubfolderSpec = 0;
			files = (
			);
			runOnlyForDeploymentPostprocessing = 1;
		};
		64F14747259C75EE00CB364A /* CopyFiles */ = {
			isa = PBXCopyFilesBuildPhase;
			buildActionMask = 2147483647;
			dstPath = /usr/share/man/man1/;
			dstSubfolderSpec = 0;
			files = (
			);
			runOnlyForDeploymentPostprocessing = 1;
		};
/* End PBXCopyFilesBuildPhase section */

/* Begin PBXFileReference section */
		6458A725259C84BF0063BFE0 /* 4-线性表链式存储 */ = {isa = PBXFileReference; explicitFileType = "compiled.mach-o.executable"; includeInIndex = 0; path = "4-线性表链式存储"; sourceTree = BUILT_PRODUCTS_DIR; };
		6458A727259C84BF0063BFE0 /* main.c */ = {isa = PBXFileReference; lastKnownFileType = sourcecode.c.c; path = main.c; sourceTree = "<group>"; };
		6458A738259D65AB0063BFE0 /* 5-双向循环链表 */ = {isa = PBXFileReference; explicitFileType = "compiled.mach-o.executable"; includeInIndex = 0; path = "5-双向循环链表"; sourceTree = BUILT_PRODUCTS_DIR; };
		6458A73A259D65AB0063BFE0 /* main.c */ = {isa = PBXFileReference; lastKnownFileType = sourcecode.c.c; path = main.c; sourceTree = "<group>"; };
		64B4FFCD259C1BAE00F598AB /* Algorithm */ = {isa = PBXFileReference; explicitFileType = "compiled.mach-o.executable"; includeInIndex = 0; path = Algorithm; sourceTree = BUILT_PRODUCTS_DIR; };
		64B4FFD0259C1BAE00F598AB /* main.c */ = {isa = PBXFileReference; lastKnownFileType = sourcecode.c.c; path = main.c; sourceTree = "<group>"; };
		64B4FFE2259C1D1800F598AB /* 1-时间复杂度计算 */ = {isa = PBXFileReference; explicitFileType = "compiled.mach-o.executable"; includeInIndex = 0; path = "1-时间复杂度计算"; sourceTree = BUILT_PRODUCTS_DIR; };
		64B4FFE4259C1D1800F598AB /* main.c */ = {isa = PBXFileReference; lastKnownFileType = sourcecode.c.c; path = main.c; sourceTree = "<group>"; };
		64B4FFF3259C2B8A00F598AB /* 2-线性表 */ = {isa = PBXFileReference; explicitFileType = "compiled.mach-o.executable"; includeInIndex = 0; path = "2-线性表"; sourceTree = BUILT_PRODUCTS_DIR; };
		64B4FFF5259C2B8A00F598AB /* main.c */ = {isa = PBXFileReference; lastKnownFileType = sourcecode.c.c; path = main.c; sourceTree = "<group>"; };
		64F14749259C75EE00CB364A /* 3-空间复杂度 */ = {isa = PBXFileReference; explicitFileType = "compiled.mach-o.executable"; includeInIndex = 0; path = "3-空间复杂度"; sourceTree = BUILT_PRODUCTS_DIR; };
		64F1474B259C75EE00CB364A /* main.c */ = {isa = PBXFileReference; lastKnownFileType = sourcecode.c.c; path = main.c; sourceTree = "<group>"; };
/* End PBXFileReference section */

/* Begin PBXFrameworksBuildPhase section */
		6458A722259C84BF0063BFE0 /* Frameworks */ = {
			isa = PBXFrameworksBuildPhase;
			buildActionMask = 2147483647;
			files = (
			);
			runOnlyForDeploymentPostprocessing = 0;
		};
		6458A735259D65AB0063BFE0 /* Frameworks */ = {
			isa = PBXFrameworksBuildPhase;
			buildActionMask = 2147483647;
			files = (
			);
			runOnlyForDeploymentPostprocessing = 0;
		};
		64B4FFCA259C1BAE00F598AB /* Frameworks */ = {
			isa = PBXFrameworksBuildPhase;
			buildActionMask = 2147483647;
			files = (
			);
			runOnlyForDeploymentPostprocessing = 0;
		};
		64B4FFDF259C1D1800F598AB /* Frameworks */ = {
			isa = PBXFrameworksBuildPhase;
			buildActionMask = 2147483647;
			files = (
			);
			runOnlyForDeploymentPostprocessing = 0;
		};
		64B4FFF0259C2B8A00F598AB /* Frameworks */ = {
			isa = PBXFrameworksBuildPhase;
			buildActionMask = 2147483647;
			files = (
			);
			runOnlyForDeploymentPostprocessing = 0;
		};
		64F14746259C75EE00CB364A /* Frameworks */ = {
			isa = PBXFrameworksBuildPhase;
			buildActionMask = 2147483647;
			files = (
			);
			runOnlyForDeploymentPostprocessing = 0;
		};
/* End PBXFrameworksBuildPhase section */

/* Begin PBXGroup section */
		6458A726259C84BF0063BFE0 /* 4-线性表链式存储 */ = {
			isa = PBXGroup;
			children = (
				6458A727259C84BF0063BFE0 /* main.c */,
			);
			path = "4-线性表链式存储";
			sourceTree = "<group>";
		};
		6458A739259D65AB0063BFE0 /* 5-双向循环链表 */ = {
			isa = PBXGroup;
			children = (
				6458A73A259D65AB0063BFE0 /* main.c */,
			);
			path = "5-双向循环链表";
			sourceTree = "<group>";
		};
		64B4FFC4259C1BAE00F598AB = {
			isa = PBXGroup;
			children = (
				64B4FFCF259C1BAE00F598AB /* Algorithm */,
				64B4FFE3259C1D1800F598AB /* 1-时间复杂度计算 */,
				64B4FFF4259C2B8A00F598AB /* 2-线性表 */,
				64F1474A259C75EE00CB364A /* 3-空间复杂度 */,
				6458A726259C84BF0063BFE0 /* 4-线性表链式存储 */,
				6458A739259D65AB0063BFE0 /* 5-双向循环链表 */,
				64B4FFCE259C1BAE00F598AB /* Products */,
			);
			sourceTree = "<group>";
		};
		64B4FFCE259C1BAE00F598AB /* Products */ = {
			isa = PBXGroup;
			children = (
				64B4FFCD259C1BAE00F598AB /* Algorithm */,
				64B4FFE2259C1D1800F598AB /* 1-时间复杂度计算 */,
				64B4FFF3259C2B8A00F598AB /* 2-线性表 */,
				64F14749259C75EE00CB364A /* 3-空间复杂度 */,
				6458A725259C84BF0063BFE0 /* 4-线性表链式存储 */,
				6458A738259D65AB0063BFE0 /* 5-双向循环链表 */,
			);
			name = Products;
			sourceTree = "<group>";
		};
		64B4FFCF259C1BAE00F598AB /* Algorithm */ = {
			isa = PBXGroup;
			children = (
				64B4FFD0259C1BAE00F598AB /* main.c */,
			);
			path = Algorithm;
			sourceTree = "<group>";
		};
		64B4FFE3259C1D1800F598AB /* 1-时间复杂度计算 */ = {
			isa = PBXGroup;
			children = (
				64B4FFE4259C1D1800F598AB /* main.c */,
			);
			path = "1-时间复杂度计算";
			sourceTree = "<group>";
		};
		64B4FFF4259C2B8A00F598AB /* 2-线性表 */ = {
			isa = PBXGroup;
			children = (
				64B4FFF5259C2B8A00F598AB /* main.c */,
			);
			path = "2-线性表";
			sourceTree = "<group>";
		};
		64F1474A259C75EE00CB364A /* 3-空间复杂度 */ = {
			isa = PBXGroup;
			children = (
				64F1474B259C75EE00CB364A /* main.c */,
			);
			path = "3-空间复杂度";
			sourceTree = "<group>";
		};
/* End PBXGroup section */

/* Begin PBXNativeTarget section */
		6458A724259C84BF0063BFE0 /* 4-线性表链式存储 */ = {
			isa = PBXNativeTarget;
			buildConfigurationList = 6458A72B259C84BF0063BFE0 /* Build configuration list for PBXNativeTarget "4-线性表链式存储" */;
			buildPhases = (
				6458A721259C84BF0063BFE0 /* Sources */,
				6458A722259C84BF0063BFE0 /* Frameworks */,
				6458A723259C84BF0063BFE0 /* CopyFiles */,
			);
			buildRules = (
			);
			dependencies = (
			);
			name = "4-线性表链式存储";
			productName = "4-线性表链式存储";
			productReference = 6458A725259C84BF0063BFE0 /* 4-线性表链式存储 */;
			productType = "com.apple.product-type.tool";
		};
		6458A737259D65AB0063BFE0 /* 5-双向循环链表 */ = {
			isa = PBXNativeTarget;
			buildConfigurationList = 6458A73C259D65AB0063BFE0 /* Build configuration list for PBXNativeTarget "5-双向循环链表" */;
			buildPhases = (
				6458A734259D65AB0063BFE0 /* Sources */,
				6458A735259D65AB0063BFE0 /* Frameworks */,
				6458A736259D65AB0063BFE0 /* CopyFiles */,
			);
			buildRules = (
			);
			dependencies = (
			);
			name = "5-双向循环链表";
			productName = "5-双向循环链表";
			productReference = 6458A738259D65AB0063BFE0 /* 5-双向循环链表 */;
			productType = "com.apple.product-type.tool";
		};
		64B4FFCC259C1BAE00F598AB /* Algorithm */ = {
			isa = PBXNativeTarget;
			buildConfigurationList = 64B4FFD4259C1BAE00F598AB /* Build configuration list for PBXNativeTarget "Algorithm" */;
			buildPhases = (
				64B4FFC9259C1BAE00F598AB /* Sources */,
				64B4FFCA259C1BAE00F598AB /* Frameworks */,
				64B4FFCB259C1BAE00F598AB /* CopyFiles */,
			);
			buildRules = (
			);
			dependencies = (
			);
			name = Algorithm;
			productName = Algorithm;
			productReference = 64B4FFCD259C1BAE00F598AB /* Algorithm */;
			productType = "com.apple.product-type.tool";
		};
		64B4FFE1259C1D1800F598AB /* 1-时间复杂度计算 */ = {
			isa = PBXNativeTarget;
			buildConfigurationList = 64B4FFE6259C1D1800F598AB /* Build configuration list for PBXNativeTarget "1-时间复杂度计算" */;
			buildPhases = (
				64B4FFDE259C1D1800F598AB /* Sources */,
				64B4FFDF259C1D1800F598AB /* Frameworks */,
				64B4FFE0259C1D1800F598AB /* CopyFiles */,
			);
			buildRules = (
			);
			dependencies = (
			);
			name = "1-时间复杂度计算";
			productName = "1-时间复杂度计算";
			productReference = 64B4FFE2259C1D1800F598AB /* 1-时间复杂度计算 */;
			productType = "com.apple.product-type.tool";
		};
		64B4FFF2259C2B8A00F598AB /* 2-线性表 */ = {
			isa = PBXNativeTarget;
			buildConfigurationList = 64B4FFF9259C2B8A00F598AB /* Build configuration list for PBXNativeTarget "2-线性表" */;
			buildPhases = (
				64B4FFEF259C2B8A00F598AB /* Sources */,
				64B4FFF0259C2B8A00F598AB /* Frameworks */,
				64B4FFF1259C2B8A00F598AB /* CopyFiles */,
			);
			buildRules = (
			);
			dependencies = (
			);
			name = "2-线性表";
			productName = "2-线性表";
			productReference = 64B4FFF3259C2B8A00F598AB /* 2-线性表 */;
			productType = "com.apple.product-type.tool";
		};
		64F14748259C75EE00CB364A /* 3-空间复杂度 */ = {
			isa = PBXNativeTarget;
			buildConfigurationList = 64F1474D259C75EE00CB364A /* Build configuration list for PBXNativeTarget "3-空间复杂度" */;
			buildPhases = (
				64F14745259C75EE00CB364A /* Sources */,
				64F14746259C75EE00CB364A /* Frameworks */,
				64F14747259C75EE00CB364A /* CopyFiles */,
			);
			buildRules = (
			);
			dependencies = (
			);
			name = "3-空间复杂度";
			productName = "3-空间复杂度";
			productReference = 64F14749259C75EE00CB364A /* 3-空间复杂度 */;
			productType = "com.apple.product-type.tool";
		};
/* End PBXNativeTarget section */

/* Begin PBXProject section */
		64B4FFC5259C1BAE00F598AB /* Project object */ = {
			isa = PBXProject;
			attributes = {
				LastUpgradeCheck = 1200;
				TargetAttributes = {
					6458A724259C84BF0063BFE0 = {
						CreatedOnToolsVersion = 12.0;
					};
					6458A737259D65AB0063BFE0 = {
						CreatedOnToolsVersion = 12.0;
					};
					64B4FFCC259C1BAE00F598AB = {
						CreatedOnToolsVersion = 12.0;
					};
					64B4FFE1259C1D1800F598AB = {
						CreatedOnToolsVersion = 12.0;
					};
					64B4FFF2259C2B8A00F598AB = {
						CreatedOnToolsVersion = 12.0;
					};
					64F14748259C75EE00CB364A = {
						CreatedOnToolsVersion = 12.0;
					};
				};
			};
			buildConfigurationList = 64B4FFC8259C1BAE00F598AB /* Build configuration list for PBXProject "Algorithm" */;
			compatibilityVersion = "Xcode 9.3";
			developmentRegion = en;
			hasScannedForEncodings = 0;
			knownRegions = (
				en,
				Base,
			);
			mainGroup = 64B4FFC4259C1BAE00F598AB;
			productRefGroup = 64B4FFCE259C1BAE00F598AB /* Products */;
			projectDirPath = "";
			projectRoot = "";
			targets = (
				64B4FFCC259C1BAE00F598AB /* Algorithm */,
				64B4FFE1259C1D1800F598AB /* 1-时间复杂度计算 */,
				64B4FFF2259C2B8A00F598AB /* 2-线性表 */,
				64F14748259C75EE00CB364A /* 3-空间复杂度 */,
				6458A724259C84BF0063BFE0 /* 4-线性表链式存储 */,
				6458A737259D65AB0063BFE0 /* 5-双向循环链表 */,
			);
		};
/* End PBXProject section */

/* Begin PBXSourcesBuildPhase section */
		6458A721259C84BF0063BFE0 /* Sources */ = {
			isa = PBXSourcesBuildPhase;
			buildActionMask = 2147483647;
			files = (
				6458A728259C84BF0063BFE0 /* main.c in Sources */,
			);
			runOnlyForDeploymentPostprocessing = 0;
		};
		6458A734259D65AB0063BFE0 /* Sources */ = {
			isa = PBXSourcesBuildPhase;
			buildActionMask = 2147483647;
			files = (
				6458A73B259D65AB0063BFE0 /* main.c in Sources */,
			);
			runOnlyForDeploymentPostprocessing = 0;
		};
		64B4FFC9259C1BAE00F598AB /* Sources */ = {
			isa = PBXSourcesBuildPhase;
			buildActionMask = 2147483647;
			files = (
				64B4FFD1259C1BAE00F598AB /* main.c in Sources */,
			);
			runOnlyForDeploymentPostprocessing = 0;
		};
		64B4FFDE259C1D1800F598AB /* Sources */ = {
			isa = PBXSourcesBuildPhase;
			buildActionMask = 2147483647;
			files = (
				64B4FFE5259C1D1800F598AB /* main.c in Sources */,
			);
			runOnlyForDeploymentPostprocessing = 0;
		};
		64B4FFEF259C2B8A00F598AB /* Sources */ = {
			isa = PBXSourcesBuildPhase;
			buildActionMask = 2147483647;
			files = (
				64B4FFF6259C2B8A00F598AB /* main.c in Sources */,
			);
			runOnlyForDeploymentPostprocessing = 0;
		};
		64F14745259C75EE00CB364A /* Sources */ = {
			isa = PBXSourcesBuildPhase;
			buildActionMask = 2147483647;
			files = (
				64F1474C259C75EE00CB364A /* main.c in Sources */,
			);
			runOnlyForDeploymentPostprocessing = 0;
		};
/* End PBXSourcesBuildPhase section */

/* Begin XCBuildConfiguration section */
		6458A729259C84BF0063BFE0 /* Debug */ = {
			isa = XCBuildConfiguration;
			buildSettings = {
				CODE_SIGN_STYLE = Automatic;
				DEVELOPMENT_TEAM = R8ZSZLVXPV;
				ENABLE_HARDENED_RUNTIME = YES;
				PRODUCT_NAME = "$(TARGET_NAME)";
			};
			name = Debug;
		};
		6458A72A259C84BF0063BFE0 /* Release */ = {
			isa = XCBuildConfiguration;
			buildSettings = {
				CODE_SIGN_STYLE = Automatic;
				DEVELOPMENT_TEAM = R8ZSZLVXPV;
				ENABLE_HARDENED_RUNTIME = YES;
				PRODUCT_NAME = "$(TARGET_NAME)";
			};
			name = Release;
		};
		6458A73D259D65AB0063BFE0 /* Debug */ = {
			isa = XCBuildConfiguration;
			buildSettings = {
				CODE_SIGN_STYLE = Automatic;
				DEVELOPMENT_TEAM = R8ZSZLVXPV;
				ENABLE_HARDENED_RUNTIME = YES;
				PRODUCT_NAME = "$(TARGET_NAME)";
			};
			name = Debug;
		};
		6458A73E259D65AB0063BFE0 /* Release */ = {
			isa = XCBuildConfiguration;
			buildSettings = {
				CODE_SIGN_STYLE = Automatic;
				DEVELOPMENT_TEAM = R8ZSZLVXPV;
				ENABLE_HARDENED_RUNTIME = YES;
				PRODUCT_NAME = "$(TARGET_NAME)";
			};
			name = Release;
		};
		64B4FFD2259C1BAE00F598AB /* Debug */ = {
			isa = XCBuildConfiguration;
			buildSettings = {
				ALWAYS_SEARCH_USER_PATHS = NO;
				CLANG_ANALYZER_NONNULL = YES;
				CLANG_ANALYZER_NUMBER_OBJECT_CONVERSION = YES_AGGRESSIVE;
				CLANG_CXX_LANGUAGE_STANDARD = "gnu++14";
				CLANG_CXX_LIBRARY = "libc++";
				CLANG_ENABLE_MODULES = YES;
				CLANG_ENABLE_OBJC_ARC = YES;
				CLANG_ENABLE_OBJC_WEAK = YES;
				CLANG_WARN_BLOCK_CAPTURE_AUTORELEASING = YES;
				CLANG_WARN_BOOL_CONVERSION = YES;
				CLANG_WARN_COMMA = YES;
				CLANG_WARN_CONSTANT_CONVERSION = YES;
				CLANG_WARN_DEPRECATED_OBJC_IMPLEMENTATIONS = YES;
				CLANG_WARN_DIRECT_OBJC_ISA_USAGE = YES_ERROR;
				CLANG_WARN_DOCUMENTATION_COMMENTS = YES;
				CLANG_WARN_EMPTY_BODY = YES;
				CLANG_WARN_ENUM_CONVERSION = YES;
				CLANG_WARN_INFINITE_RECURSION = YES;
				CLANG_WARN_INT_CONVERSION = YES;
				CLANG_WARN_NON_LITERAL_NULL_CONVERSION = YES;
				CLANG_WARN_OBJC_IMPLICIT_RETAIN_SELF = YES;
				CLANG_WARN_OBJC_LITERAL_CONVERSION = YES;
				CLANG_WARN_OBJC_ROOT_CLASS = YES_ERROR;
				CLANG_WARN_QUOTED_INCLUDE_IN_FRAMEWORK_HEADER = YES;
				CLANG_WARN_RANGE_LOOP_ANALYSIS = YES;
				CLANG_WARN_STRICT_PROTOTYPES = YES;
				CLANG_WARN_SUSPICIOUS_MOVE = YES;
				CLANG_WARN_UNGUARDED_AVAILABILITY = YES_AGGRESSIVE;
				CLANG_WARN_UNREACHABLE_CODE = YES;
				CLANG_WARN__DUPLICATE_METHOD_MATCH = YES;
				COPY_PHASE_STRIP = NO;
				DEBUG_INFORMATION_FORMAT = dwarf;
				ENABLE_STRICT_OBJC_MSGSEND = YES;
				ENABLE_TESTABILITY = YES;
				GCC_C_LANGUAGE_STANDARD = gnu11;
				GCC_DYNAMIC_NO_PIC = NO;
				GCC_NO_COMMON_BLOCKS = YES;
				GCC_OPTIMIZATION_LEVEL = 0;
				GCC_PREPROCESSOR_DEFINITIONS = (
					"DEBUG=1",
					"$(inherited)",
				);
				GCC_WARN_64_TO_32_BIT_CONVERSION = YES;
				GCC_WARN_ABOUT_RETURN_TYPE = YES_ERROR;
				GCC_WARN_UNDECLARED_SELECTOR = YES;
				GCC_WARN_UNINITIALIZED_AUTOS = YES_AGGRESSIVE;
				GCC_WARN_UNUSED_FUNCTION = YES;
				GCC_WARN_UNUSED_VARIABLE = YES;
				MACOSX_DEPLOYMENT_TARGET = 10.15;
				MTL_ENABLE_DEBUG_INFO = INCLUDE_SOURCE;
				MTL_FAST_MATH = YES;
				ONLY_ACTIVE_ARCH = YES;
				SDKROOT = macosx;
			};
			name = Debug;
		};
		64B4FFD3259C1BAE00F598AB /* Release */ = {
			isa = XCBuildConfiguration;
			buildSettings = {
				ALWAYS_SEARCH_USER_PATHS = NO;
				CLANG_ANALYZER_NONNULL = YES;
				CLANG_ANALYZER_NUMBER_OBJECT_CONVERSION = YES_AGGRESSIVE;
				CLANG_CXX_LANGUAGE_STANDARD = "gnu++14";
				CLANG_CXX_LIBRARY = "libc++";
				CLANG_ENABLE_MODULES = YES;
				CLANG_ENABLE_OBJC_ARC = YES;
				CLANG_ENABLE_OBJC_WEAK = YES;
				CLANG_WARN_BLOCK_CAPTURE_AUTORELEASING = YES;
				CLANG_WARN_BOOL_CONVERSION = YES;
				CLANG_WARN_COMMA = YES;
				CLANG_WARN_CONSTANT_CONVERSION = YES;
				CLANG_WARN_DEPRECATED_OBJC_IMPLEMENTATIONS = YES;
				CLANG_WARN_DIRECT_OBJC_ISA_USAGE = YES_ERROR;
				CLANG_WARN_DOCUMENTATION_COMMENTS = YES;
				CLANG_WARN_EMPTY_BODY = YES;
				CLANG_WARN_ENUM_CONVERSION = YES;
				CLANG_WARN_INFINITE_RECURSION = YES;
				CLANG_WARN_INT_CONVERSION = YES;
				CLANG_WARN_NON_LITERAL_NULL_CONVERSION = YES;
				CLANG_WARN_OBJC_IMPLICIT_RETAIN_SELF = YES;
				CLANG_WARN_OBJC_LITERAL_CONVERSION = YES;
				CLANG_WARN_OBJC_ROOT_CLASS = YES_ERROR;
				CLANG_WARN_QUOTED_INCLUDE_IN_FRAMEWORK_HEADER = YES;
				CLANG_WARN_RANGE_LOOP_ANALYSIS = YES;
				CLANG_WARN_STRICT_PROTOTYPES = YES;
				CLANG_WARN_SUSPICIOUS_MOVE = YES;
				CLANG_WARN_UNGUARDED_AVAILABILITY = YES_AGGRESSIVE;
				CLANG_WARN_UNREACHABLE_CODE = YES;
				CLANG_WARN__DUPLICATE_METHOD_MATCH = YES;
				COPY_PHASE_STRIP = NO;
				DEBUG_INFORMATION_FORMAT = "dwarf-with-dsym";
				ENABLE_NS_ASSERTIONS = NO;
				ENABLE_STRICT_OBJC_MSGSEND = YES;
				GCC_C_LANGUAGE_STANDARD = gnu11;
				GCC_NO_COMMON_BLOCKS = YES;
				GCC_WARN_64_TO_32_BIT_CONVERSION = YES;
				GCC_WARN_ABOUT_RETURN_TYPE = YES_ERROR;
				GCC_WARN_UNDECLARED_SELECTOR = YES;
				GCC_WARN_UNINITIALIZED_AUTOS = YES_AGGRESSIVE;
				GCC_WARN_UNUSED_FUNCTION = YES;
				GCC_WARN_UNUSED_VARIABLE = YES;
				MACOSX_DEPLOYMENT_TARGET = 10.15;
				MTL_ENABLE_DEBUG_INFO = NO;
				MTL_FAST_MATH = YES;
				SDKROOT = macosx;
			};
			name = Release;
		};
		64B4FFD5259C1BAE00F598AB /* Debug */ = {
			isa = XCBuildConfiguration;
			buildSettings = {
				CODE_SIGN_STYLE = Automatic;
				DEVELOPMENT_TEAM = R8ZSZLVXPV;
				ENABLE_HARDENED_RUNTIME = YES;
				PRODUCT_NAME = "$(TARGET_NAME)";
			};
			name = Debug;
		};
		64B4FFD6259C1BAE00F598AB /* Release */ = {
			isa = XCBuildConfiguration;
			buildSettings = {
				CODE_SIGN_STYLE = Automatic;
				DEVELOPMENT_TEAM = R8ZSZLVXPV;
				ENABLE_HARDENED_RUNTIME = YES;
				PRODUCT_NAME = "$(TARGET_NAME)";
			};
			name = Release;
		};
		64B4FFE7259C1D1800F598AB /* Debug */ = {
			isa = XCBuildConfiguration;
			buildSettings = {
				CODE_SIGN_STYLE = Automatic;
				DEVELOPMENT_TEAM = R8ZSZLVXPV;
				ENABLE_HARDENED_RUNTIME = YES;
				PRODUCT_NAME = "$(TARGET_NAME)";
			};
			name = Debug;
		};
		64B4FFE8259C1D1800F598AB /* Release */ = {
			isa = XCBuildConfiguration;
			buildSettings = {
				CODE_SIGN_STYLE = Automatic;
				DEVELOPMENT_TEAM = R8ZSZLVXPV;
				ENABLE_HARDENED_RUNTIME = YES;
				PRODUCT_NAME = "$(TARGET_NAME)";
			};
			name = Release;
		};
		64B4FFF7259C2B8A00F598AB /* Debug */ = {
			isa = XCBuildConfiguration;
			buildSettings = {
				CODE_SIGN_STYLE = Automatic;
				DEVELOPMENT_TEAM = R8ZSZLVXPV;
				ENABLE_HARDENED_RUNTIME = YES;
				PRODUCT_NAME = "$(TARGET_NAME)";
			};
			name = Debug;
		};
		64B4FFF8259C2B8A00F598AB /* Release */ = {
			isa = XCBuildConfiguration;
			buildSettings = {
				CODE_SIGN_STYLE = Automatic;
				DEVELOPMENT_TEAM = R8ZSZLVXPV;
				ENABLE_HARDENED_RUNTIME = YES;
				PRODUCT_NAME = "$(TARGET_NAME)";
			};
			name = Release;
		};
		64F1474E259C75EE00CB364A /* Debug */ = {
			isa = XCBuildConfiguration;
			buildSettings = {
				CODE_SIGN_STYLE = Automatic;
				DEVELOPMENT_TEAM = R8ZSZLVXPV;
				ENABLE_HARDENED_RUNTIME = YES;
				PRODUCT_NAME = "$(TARGET_NAME)";
			};
			name = Debug;
		};
		64F1474F259C75EE00CB364A /* Release */ = {
			isa = XCBuildConfiguration;
			buildSettings = {
				CODE_SIGN_STYLE = Automatic;
				DEVELOPMENT_TEAM = R8ZSZLVXPV;
				ENABLE_HARDENED_RUNTIME = YES;
				PRODUCT_NAME = "$(TARGET_NAME)";
			};
			name = Release;
		};
/* End XCBuildConfiguration section */

/* Begin XCConfigurationList section */
		6458A72B259C84BF0063BFE0 /* Build configuration list for PBXNativeTarget "4-线性表链式存储" */ = {
			isa = XCConfigurationList;
			buildConfigurations = (
				6458A729259C84BF0063BFE0 /* Debug */,
				6458A72A259C84BF0063BFE0 /* Release */,
			);
			defaultConfigurationIsVisible = 0;
			defaultConfigurationName = Release;
		};
		6458A73C259D65AB0063BFE0 /* Build configuration list for PBXNativeTarget "5-双向循环链表" */ = {
			isa = XCConfigurationList;
			buildConfigurations = (
				6458A73D259D65AB0063BFE0 /* Debug */,
				6458A73E259D65AB0063BFE0 /* Release */,
			);
			defaultConfigurationIsVisible = 0;
			defaultConfigurationName = Release;
		};
		64B4FFC8259C1BAE00F598AB /* Build configuration list for PBXProject "Algorithm" */ = {
			isa = XCConfigurationList;
			buildConfigurations = (
				64B4FFD2259C1BAE00F598AB /* Debug */,
				64B4FFD3259C1BAE00F598AB /* Release */,
			);
			defaultConfigurationIsVisible = 0;
			defaultConfigurationName = Release;
		};
		64B4FFD4259C1BAE00F598AB /* Build configuration list for PBXNativeTarget "Algorithm" */ = {
			isa = XCConfigurationList;
			buildConfigurations = (
				64B4FFD5259C1BAE00F598AB /* Debug */,
				64B4FFD6259C1BAE00F598AB /* Release */,
			);
			defaultConfigurationIsVisible = 0;
			defaultConfigurationName = Release;
		};
		64B4FFE6259C1D1800F598AB /* Build configuration list for PBXNativeTarget "1-时间复杂度计算" */ = {
			isa = XCConfigurationList;
			buildConfigurations = (
				64B4FFE7259C1D1800F598AB /* Debug */,
				64B4FFE8259C1D1800F598AB /* Release */,
			);
			defaultConfigurationIsVisible = 0;
			defaultConfigurationName = Release;
		};
		64B4FFF9259C2B8A00F598AB /* Build configuration list for PBXNativeTarget "2-线性表" */ = {
			isa = XCConfigurationList;
			buildConfigurations = (
				64B4FFF7259C2B8A00F598AB /* Debug */,
				64B4FFF8259C2B8A00F598AB /* Release */,
			);
			defaultConfigurationIsVisible = 0;
			defaultConfigurationName = Release;
		};
		64F1474D259C75EE00CB364A /* Build configuration list for PBXNativeTarget "3-空间复杂度" */ = {
			isa = XCConfigurationList;
			buildConfigurations = (
				64F1474E259C75EE00CB364A /* Debug */,
				64F1474F259C75EE00CB364A /* Release */,
			);
			defaultConfigurationIsVisible = 0;
			defaultConfigurationName = Release;
		};
/* End XCConfigurationList section */
	};
	rootObject = 64B4FFC5259C1BAE00F598AB /* Project object */;
}
